version = 1
revision = 3
requires-python = ">=3.10"

[[package]]
name = "python-osc"
version = "1.10.2"
source = { registry = "https://mirrors.tuna.tsinghua.edu.cn/pypi/web/simple/" }
sdist = { url = "https://mirrors.tuna.tsinghua.edu.cn/pypi/web/packages/a1/79/094503dc039c8ba9cead01f4b5e163d795a6a502563d3a31f35d20a1ecf8/python_osc-1.10.2.tar.gz", hash = "sha256:732548f4f467dda9f890a6b0b3bfb085ab117f4bd38a45a58d2ca0f3bd6a546d", size = 33716, upload-time = "2026-04-02T20:46:04.692Z" }
wheels = [
    { url = "https://mirrors.tuna.tsinghua.edu.cn/pypi/web/packages/1f/a2/ce26e437e36707f0da839dd88b072413825ea8986b73ce7b5c4f3cd1b7f4/python_osc-1.10.2-py3-none-any.whl", hash = "sha256:018b28e1cc06427c2c3d695f4e8d87d0caecfe604ff889acc45235cfd94183a2", size = 45467, upload-time = "2026-04-02T20:46:03.718Z" },
]

[[package]]
name = "vrc-osc-chat"
version = "0.1.0"
source = { virtual = "." }
dependencies = [
    { name = "python-osc" },
]

[package.metadata]
requires-dist = [{ name = "python-osc", specifier = ">=1.10.2" }]
